<?xml version="1.0" encoding="utf-8"?>
<Project ToolsVersion="4.0" xmlns="http://schemas.microsoft.com/developer/msbuild/2003">
  <ItemGroup>
    <Filter Include="core">
      <UniqueIdentifier>{1a1b0c00-0001-4000-8000-000000000001}</UniqueIdentifier>
    </Filter>
    <Filter Include="features">
      <UniqueIdentifier>{1a1b0c00-0001-4000-8000-000000000002}</UniqueIdentifier>
    </Filter>
    <Filter Include="external">
      <UniqueIdentifier>{1a1b0c00-0001-4000-8000-000000000003}</UniqueIdentifier>
    </Filter>
  </ItemGroup>
  <ItemGroup>
    <ClCompile Include="src\core\script.cpp">
      <Filter>core</Filter>
    </ClCompile>
    <ClCompile Include="src\core\stdafx.cpp">
      <Filter>core</Filter>
    </ClCompile>
    <ClCompile Include="src\core\common.cpp">
      <Filter>core</Filter>
    </ClCompile>
    <ClCompile Include="src\core\config.cpp">
      <Filter>core</Filter>
    </ClCompile>
    <ClCompile Include="src\core\feature.cpp">
      <Filter>core</Filter>
    </ClCompile>
    <ClCompile Include="src\core\logging.cpp">
      <Filter>core</Filter>
    </ClCompile>
    <ClCompile Include="src\features\anisotropic_filtering.cpp">
      <Filter>features</Filter>
    </ClCompile>
    <ClCompile Include="src\features\cache_write_error.cpp">
      <Filter>features</Filter>
    </ClCompile>
    <ClCompile Include="src\features\device_reset.cpp">
      <Filter>features</Filter>
    </ClCompile>
    <ClCompile Include="src\features\display_mode.cpp">
      <Filter>features</Filter>
    </ClCompile>
    <ClCompile Include="src\features\editor_gamma.cpp">
      <Filter>features</Filter>
    </ClCompile>
    <ClCompile Include="src\features\editor_tick_rate.cpp">
      <Filter>features</Filter>
    </ClCompile>
    <ClCompile Include="src\features\fov.cpp">
      <Filter>features</Filter>
    </ClCompile>
    <ClCompile Include="src\features\fps_limit.cpp">
      <Filter>features</Filter>
    </ClCompile>
    <ClCompile Include="src\features\hit_test.cpp">
      <Filter>features</Filter>
    </ClCompile>
    <ClCompile Include="src\features\http_download.cpp">
      <Filter>features</Filter>
    </ClCompile>
    <ClCompile Include="src\features\hud.cpp">
      <Filter>features</Filter>
    </ClCompile>
    <ClCompile Include="src\features\list_scroll.cpp">
      <Filter>features</Filter>
    </ClCompile>
    <ClCompile Include="src\features\master_server.cpp">
      <Filter>features</Filter>
    </ClCompile>
    <ClCompile Include="src\features\movie.cpp">
      <Filter>features</Filter>
    </ClCompile>
    <ClCompile Include="src\features\msaa.cpp">
      <Filter>features</Filter>
    </ClCompile>
    <ClCompile Include="src\features\multiple_instances.cpp">
      <Filter>features</Filter>
    </ClCompile>
    <ClCompile Include="src\features\net_speed.cpp">
      <Filter>features</Filter>
    </ClCompile>
    <ClCompile Include="src\features\optiwand.cpp">
      <Filter>features</Filter>
    </ClCompile>
    <ClCompile Include="src\features\raw_input.cpp">
      <Filter>features</Filter>
    </ClCompile>
    <ClCompile Include="src\features\resolution_list.cpp">
      <Filter>features</Filter>
    </ClCompile>
    <ClCompile Include="src\features\shadow_resolution.cpp">
      <Filter>features</Filter>
    </ClCompile>
    <ClCompile Include="src\features\skip_intro.cpp">
      <Filter>features</Filter>
    </ClCompile>
    <ClCompile Include="src\features\smaa.cpp">
      <Filter>features</Filter>
    </ClCompile>
    <ClCompile Include="src\features\window_drift.cpp">
      <Filter>features</Filter>
    </ClCompile>
    <ClCompile Include="external\hooking\Hooking.Patterns.cpp">
      <Filter>external</Filter>
    </ClCompile>
    <ClCompile Include="external\injector\zydis\Zydis.c">
      <Filter>external</Filter>
    </ClCompile>
    <ClCompile Include="external\injector\safetyhook\src\allocator.cpp">
      <Filter>external</Filter>
    </ClCompile>
    <ClCompile Include="external\injector\safetyhook\src\easy.cpp">
      <Filter>external</Filter>
    </ClCompile>
    <ClCompile Include="external\injector\safetyhook\src\inline_hook.cpp">
      <Filter>external</Filter>
    </ClCompile>
    <ClCompile Include="external\injector\safetyhook\src\mid_hook.cpp">
      <Filter>external</Filter>
    </ClCompile>
    <ClCompile Include="external\injector\safetyhook\src\os.windows.cpp">
      <Filter>external</Filter>
    </ClCompile>
    <ClCompile Include="external\injector\safetyhook\src\utility.cpp">
      <Filter>external</Filter>
    </ClCompile>
    <ClCompile Include="external\injector\safetyhook\src\vmt_hook.cpp">
      <Filter>external</Filter>
    </ClCompile>
    <ClCompile Include="src\dllmain.cpp" />
    <ClCompile Include="src\features\massive_ads.cpp">
      <Filter>features</Filter>
    </ClCompile>
    <ClCompile Include="src\features\video_memory.cpp">
      <Filter>features</Filter>
    </ClCompile>
  </ItemGroup>
  <ItemGroup>
    <ClInclude Include="src\core\callbacks.h">
      <Filter>core</Filter>
    </ClInclude>
    <ClInclude Include="src\core\common.hpp">
      <Filter>core</Filter>
    </ClInclude>
    <ClInclude Include="src\core\config.hpp">
      <Filter>core</Filter>
    </ClInclude>
    <ClInclude Include="src\core\feature.hpp">
      <Filter>core</Filter>
    </ClInclude>
    <ClInclude Include="src\core\logging.hpp">
      <Filter>core</Filter>
    </ClInclude>
    <ClInclude Include="src\core\script.hpp">
      <Filter>core</Filter>
    </ClInclude>
    <ClInclude Include="src\core\stdafx.h">
      <Filter>core</Filter>
    </ClInclude>
    <ClInclude Include="src\core\version.h">
      <Filter>core</Filter>
    </ClInclude>
    <ClInclude Include="src\features\smaa_shaders.h">
      <Filter>features</Filter>
    </ClInclude>
    <ClInclude Include="src\features\smaa_textures.h">
      <Filter>features</Filter>
    </ClInclude>
  </ItemGroup>
  <ItemGroup>
    <ResourceCompile Include="src\core\EnhancedSWAT4.rc">
      <Filter>core</Filter>
    </ResourceCompile>
  </ItemGroup>
</Project>